
Microsoft Visual Studio Solution File, Format Version 12.00
# Visual Studio Version 17
VisualStudioVersion = 17.14.36414.22
MinimumVisualStudioVersion = 10.0.40219.1
Project("{FAE04EC0-301F-11D3-BF4B-00C04F79EFBC}") = "ScadenzaDiLegge", "ScadenzaDiLegge\ScadenzaDiLegge.csproj", "{2FAACC09-9C76-4935-AF83-E7857F09BCCF}"
EndProject
Global
	GlobalSection(SolutionConfigurationPlatforms) = preSolution
		Debug|Any CPU = Debug|Any CPU
		Release|Any CPU = Release|Any CPU
	EndGlobalSection
	GlobalSection(ProjectConfigurationPlatforms) = postSolution
		{2FAACC09-9C76-4935-AF83-E7857F09BCCF}.Debug|Any CPU.ActiveCfg = Debug|Any CPU
		{2FAACC09-9C76-4935-AF83-E7857F09BCCF}.Debug|Any CPU.Build.0 = Debug|Any CPU
		{2FAACC09-9C76-4935-AF83-E7857F09BCCF}.Release|Any CPU.ActiveCfg = Release|Any CPU
		{2FAACC09-9C76-4935-AF83-E7857F09BCCF}.Release|Any CPU.Build.0 = Release|Any CPU
	EndGlobalSection
	GlobalSection(SolutionProperties) = preSolution
		HideSolutionNode = FALSE
	EndGlobalSection
	GlobalSection(ExtensibilityGlobals) = postSolution
		SolutionGuid = {42C07BEB-25B0-48DC-A46A-8C9029DB665C}
	EndGlobalSection
EndGlobal
